
Microsoft Visual Studio Solution File, Format Version 12.00
# Visual Studio 14
VisualStudioVersion = 14.0.25420.1
MinimumVisualStudioVersion = 10.0.40219.1
Project("{FAE04EC0-301F-11D3-BF4B-00C04F79EFBC}") = "Less.Html", "Less.Html\Less.Html.csproj", "{5749EA1F-89F8-4029-96BE-457170DE431A}"
EndProject
Project("{FAE04EC0-301F-11D3-BF4B-00C04F79EFBC}") = "Test", "Test\Test.csproj", "{1C0BBB42-D921-4AC3-8A05-754E9553280D}"
EndProject
Global
	GlobalSection(SolutionConfigurationPlatforms) = preSolution
		Debug|Any CPU = Debug|Any CPU
		Release|Any CPU = Release|Any CPU
	EndGlobalSection
	GlobalSection(ProjectConfigurationPlatforms) = postSolution
		{5749EA1F-89F8-4029-96BE-457170DE431A}.Debug|Any CPU.ActiveCfg = Debug|Any CPU
		{5749EA1F-89F8-4029-96BE-457170DE431A}.Debug|Any CPU.Build.0 = Debug|Any CPU
		{5749EA1F-89F8-4029-96BE-457170DE431A}.Release|Any CPU.ActiveCfg = Release|Any CPU
		{5749EA1F-89F8-4029-96BE-457170DE431A}.Release|Any CPU.Build.0 = Release|Any CPU
		{1C0BBB42-D921-4AC3-8A05-754E9553280D}.Debug|Any CPU.ActiveCfg = Debug|Any CPU
		{1C0BBB42-D921-4AC3-8A05-754E9553280D}.Debug|Any CPU.Build.0 = Debug|Any CPU
		{1C0BBB42-D921-4AC3-8A05-754E9553280D}.Release|Any CPU.ActiveCfg = Release|Any CPU
		{1C0BBB42-D921-4AC3-8A05-754E9553280D}.Release|Any CPU.Build.0 = Release|Any CPU
	EndGlobalSection
	GlobalSection(SolutionProperties) = preSolution
		HideSolutionNode = FALSE
	EndGlobalSection
EndGlobal
